// !$*UTF8*$!
{
	archiveVersion = 1;
	classes = {
	};
	objectVersion = 56;
	objects = {

/* Begin PBXBuildFile section */
		14D757FB2969D93200B008E9 /* AppDelegate.swift in Sources */ = {isa = PBXBuildFile; fileRef = 14D757FA2969D93200B008E9 /* AppDelegate.swift */; };
		14D757FD2969D93200B008E9 /* SceneDelegate.swift in Sources */ = {isa = PBXBuildFile; fileRef = 14D757FC2969D93200B008E9 /* SceneDelegate.swift */; };
		14D758052969D93200B008E9 /* MyTestProject_CookBook.xcdatamodeld in Sources */ = {isa = PBXBuildFile; fileRef = 14D758032969D93200B008E9 /* MyTestProject_CookBook.xcdatamodeld */; };
		14D758072969D93400B008E9 /* Assets.xcassets in Resources */ = {isa = PBXBuildFile; fileRef = 14D758062969D93400B008E9 /* Assets.xcassets */; };
		14D7580A2969D93400B008E9 /* LaunchScreen.storyboard in Resources */ = {isa = PBXBuildFile; fileRef = 14D758082969D93400B008E9 /* LaunchScreen.storyboard */; };
		14D7581B2969DE9700B008E9 /* Navigator.swift in Sources */ = {isa = PBXBuildFile; fileRef = 14D7581A2969DE9700B008E9 /* Navigator.swift */; };
		14D7581D2969DEA200B008E9 /* Assembler.swift in Sources */ = {isa = PBXBuildFile; fileRef = 14D7581C2969DEA200B008E9 /* Assembler.swift */; };
		14D758232969DEE600B008E9 /* Networking.swift in Sources */ = {isa = PBXBuildFile; fileRef = 14D758222969DEE600B008E9 /* Networking.swift */; };
		14D758272969DFA100B008E9 /* CoreDataStore.swift in Sources */ = {isa = PBXBuildFile; fileRef = 14D758262969DFA100B008E9 /* CoreDataStore.swift */; };
		14D7582B2969E28700B008E9 /* StartVC.swift in Sources */ = {isa = PBXBuildFile; fileRef = 14D758292969E28600B008E9 /* StartVC.swift */; };
		14D7582C2969E28700B008E9 /* StartVC.xib in Resources */ = {isa = PBXBuildFile; fileRef = 14D7582A2969E28600B008E9 /* StartVC.xib */; };
		14D758302969E2C100B008E9 /* StartPresenter.swift in Sources */ = {isa = PBXBuildFile; fileRef = 14D7582F2969E2C100B008E9 /* StartPresenter.swift */; };
		14D75833296C82AE00B008E9 /* FoodMenuVC.swift in Sources */ = {isa = PBXBuildFile; fileRef = 14D75831296C82AE00B008E9 /* FoodMenuVC.swift */; };
		14D75834296C82AE00B008E9 /* FoodMenuVC.xib in Resources */ = {isa = PBXBuildFile; fileRef = 14D75832296C82AE00B008E9 /* FoodMenuVC.xib */; };
		14D75837296C82FC00B008E9 /* FoodMenuPresenter.swift in Sources */ = {isa = PBXBuildFile; fileRef = 14D75836296C82FC00B008E9 /* FoodMenuPresenter.swift */; };
		14D75839296C855900B008E9 /* FlowController .swift in Sources */ = {isa = PBXBuildFile; fileRef = 14D75838296C855900B008E9 /* FlowController .swift */; };
/* End PBXBuildFile section */

/* Begin PBXFileReference section */
		14D757F72969D93200B008E9 /* MyTestProject_CookBook.app */ = {isa = PBXFileReference; explicitFileType = wrapper.application; includeInIndex = 0; path = MyTestProject_CookBook.app; sourceTree = BUILT_PRODUCTS_DIR; };
		14D757FA2969D93200B008E9 /* AppDelegate.swift */ = {isa = PBXFileReference; lastKnownFileType = sourcecode.swift; path = AppDelegate.swift; sourceTree = "<group>"; };
		14D757FC2969D93200B008E9 /* SceneDelegate.swift */ = {isa = PBXFileReference; lastKnownFileType = sourcecode.swift; path = SceneDelegate.swift; sourceTree = "<group>"; };
		14D758042969D93200B008E9 /* MyTestProject_CookBook.xcdatamodel */ = {isa = PBXFileReference; lastKnownFileType = wrapper.xcdatamodel; path = MyTestProject_CookBook.xcdatamodel; sourceTree = "<group>"; };
		14D758062969D93400B008E9 /* Assets.xcassets */ = {isa = PBXFileReference; lastKnownFileType = folder.assetcatalog; path = Assets.xcassets; sourceTree = "<group>"; };
		14D758092969D93400B008E9 /* Base */ = {isa = PBXFileReference; lastKnownFileType = file.storyboard; name = Base; path = Base.lproj/LaunchScreen.storyboard; sourceTree = "<group>"; };
		14D7580B2969D93400B008E9 /* Info.plist */ = {isa = PBXFileReference; lastKnownFileType = text.plist.xml; path = Info.plist; sourceTree = "<group>"; };
		14D7581A2969DE9700B008E9 /* Navigator.swift */ = {isa = PBXFileReference; lastKnownFileType = sourcecode.swift; path = Navigator.swift; sourceTree = "<group>"; };
		14D7581C2969DEA200B008E9 /* Assembler.swift */ = {isa = PBXFileReference; lastKnownFileType = sourcecode.swift; path = Assembler.swift; sourceTree = "<group>"; };
		14D758222969DEE600B008E9 /* Networking.swift */ = {isa = PBXFileReference; lastKnownFileType = sourcecode.swift; path = Networking.swift; sourceTree = "<group>"; };
		14D758262969DFA100B008E9 /* CoreDataStore.swift */ = {isa = PBXFileReference; lastKnownFileType = sourcecode.swift; path = CoreDataStore.swift; sourceTree = "<group>"; };
		14D758292969E28600B008E9 /* StartVC.swift */ = {isa = PBXFileReference; lastKnownFileType = sourcecode.swift; path = StartVC.swift; sourceTree = "<group>"; };
		14D7582A2969E28600B008E9 /* StartVC.xib */ = {isa = PBXFileReference; lastKnownFileType = file.xib; path = StartVC.xib; sourceTree = "<group>"; };
		14D7582F2969E2C100B008E9 /* StartPresenter.swift */ = {isa = PBXFileReference; lastKnownFileType = sourcecode.swift; path = StartPresenter.swift; sourceTree = "<group>"; };
		14D75831296C82AE00B008E9 /* FoodMenuVC.swift */ = {isa = PBXFileReference; lastKnownFileType = sourcecode.swift; path = FoodMenuVC.swift; sourceTree = "<group>"; };
		14D75832296C82AE00B008E9 /* FoodMenuVC.xib */ = {isa = PBXFileReference; lastKnownFileType = file.xib; path = FoodMenuVC.xib; sourceTree = "<group>"; };
		14D75836296C82FC00B008E9 /* FoodMenuPresenter.swift */ = {isa = PBXFileReference; lastKnownFileType = sourcecode.swift; path = FoodMenuPresenter.swift; sourceTree = "<group>"; };
		14D75838296C855900B008E9 /* FlowController .swift */ = {isa = PBXFileReference; lastKnownFileType = sourcecode.swift; path = "FlowController .swift"; sourceTree = "<group>"; };
/* End PBXFileReference section */

/* Begin PBXFrameworksBuildPhase section */
		14D757F42969D93200B008E9 /* Frameworks */ = {
			isa = PBXFrameworksBuildPhase;
			buildActionMask = 2147483647;
			files = (
			);
			runOnlyForDeploymentPostprocessing = 0;
		};
/* End PBXFrameworksBuildPhase section */

/* Begin PBXGroup section */
		14D757EE2969D93200B008E9 = {
			isa = PBXGroup;
			children = (
				14D757F92969D93200B008E9 /* MyTestProject_CookBook */,
				14D757F82969D93200B008E9 /* Products */,
			);
			sourceTree = "<group>";
		};
		14D757F82969D93200B008E9 /* Products */ = {
			isa = PBXGroup;
			children = (
				14D757F72969D93200B008E9 /* MyTestProject_CookBook.app */,
			);
			name = Products;
			sourceTree = "<group>";
		};
		14D757F92969D93200B008E9 /* MyTestProject_CookBook */ = {
			isa = PBXGroup;
			children = (
				14D758242969DF7500B008E9 /* Screens */,
				14D758192969DE7600B008E9 /* Services */,
				14D758182969DE6B00B008E9 /* Model */,
				14D758172969DC6F00B008E9 /* FlowController */,
				14D758162969DC5F00B008E9 /* Extension */,
				14D758152969DC4900B008E9 /* Helpers */,
				14D758122969DC2500B008E9 /* Source */,
				14D758132969DC2C00B008E9 /* Storyboard */,
				14D758112969DA8400B008E9 /* SupportFiles */,
				14D758142969DC3E00B008E9 /* CoreData */,
			);
			path = MyTestProject_CookBook;
			sourceTree = "<group>";
		};
		14D758112969DA8400B008E9 /* SupportFiles */ = {
			isa = PBXGroup;
			children = (
				14D757FA2969D93200B008E9 /* AppDelegate.swift */,
				14D757FC2969D93200B008E9 /* SceneDelegate.swift */,
				14D7580B2969D93400B008E9 /* Info.plist */,
			);
			path = SupportFiles;
			sourceTree = "<group>";
		};
		14D758122969DC2500B008E9 /* Source */ = {
			isa = PBXGroup;
			children = (
				14D758062969D93400B008E9 /* Assets.xcassets */,
			);
			path = Source;
			sourceTree = "<group>";
		};
		14D758132969DC2C00B008E9 /* Storyboard */ = {
			isa = PBXGroup;
			children = (
				14D758082969D93400B008E9 /* LaunchScreen.storyboard */,
			);
			path = Storyboard;
			sourceTree = "<group>";
		};
		14D758142969DC3E00B008E9 /* CoreData */ = {
			isa = PBXGroup;
			children = (
				14D758032969D93200B008E9 /* MyTestProject_CookBook.xcdatamodeld */,
			);
			path = CoreData;
			sourceTree = "<group>";
		};
		14D758152969DC4900B008E9 /* Helpers */ = {
			isa = PBXGroup;
			children = (
			);
			path = Helpers;
			sourceTree = "<group>";
		};
		14D758162969DC5F00B008E9 /* Extension */ = {
			isa = PBXGroup;
			children = (
			);
			path = Extension;
			sourceTree = "<group>";
		};
		14D758172969DC6F00B008E9 /* FlowController */ = {
			isa = PBXGroup;
			children = (
				14D75838296C855900B008E9 /* FlowController .swift */,
			);
			path = FlowController;
			sourceTree = "<group>";
		};
		14D758182969DE6B00B008E9 /* Model */ = {
			isa = PBXGroup;
			children = (
			);
			path = Model;
			sourceTree = "<group>";
		};
		14D758192969DE7600B008E9 /* Services */ = {
			isa = PBXGroup;
			children = (
				14D758252969DF9700B008E9 /* CoreDataStore */,
				14D7581F2969DECC00B008E9 /* Networking */,
				14D7581E2969DEA800B008E9 /* Navigator */,
			);
			path = Services;
			sourceTree = "<group>";
		};
		14D7581E2969DEA800B008E9 /* Navigator */ = {
			isa = PBXGroup;
			children = (
				14D7581A2969DE9700B008E9 /* Navigator.swift */,
				14D7581C2969DEA200B008E9 /* Assembler.swift */,
			);
			path = Navigator;
			sourceTree = "<group>";
		};
		14D7581F2969DECC00B008E9 /* Networking */ = {
			isa = PBXGroup;
			children = (
				14D758222969DEE600B008E9 /* Networking.swift */,
			);
			path = Networking;
			sourceTree = "<group>";
		};
		14D758242969DF7500B008E9 /* Screens */ = {
			isa = PBXGroup;
			children = (
				14D758282969E1D900B008E9 /* StartVC */,
				14D75835296C82CE00B008E9 /* FoodMenuVC */,
			);
			path = Screens;
			sourceTree = "<group>";
		};
		14D758252969DF9700B008E9 /* CoreDataStore */ = {
			isa = PBXGroup;
			children = (
				14D758262969DFA100B008E9 /* CoreDataStore.swift */,
			);
			path = CoreDataStore;
			sourceTree = "<group>";
		};
		14D758282969E1D900B008E9 /* StartVC */ = {
			isa = PBXGroup;
			children = (
				14D758292969E28600B008E9 /* StartVC.swift */,
				14D7582A2969E28600B008E9 /* StartVC.xib */,
				14D7582F2969E2C100B008E9 /* StartPresenter.swift */,
			);
			path = StartVC;
			sourceTree = "<group>";
		};
		14D75835296C82CE00B008E9 /* FoodMenuVC */ = {
			isa = PBXGroup;
			children = (
				14D75831296C82AE00B008E9 /* FoodMenuVC.swift */,
				14D75832296C82AE00B008E9 /* FoodMenuVC.xib */,
				14D75836296C82FC00B008E9 /* FoodMenuPresenter.swift */,
			);
			path = FoodMenuVC;
			sourceTree = "<group>";
		};
/* End PBXGroup section */

/* Begin PBXNativeTarget section */
		14D757F62969D93200B008E9 /* MyTestProject_CookBook */ = {
			isa = PBXNativeTarget;
			buildConfigurationList = 14D7580E2969D93400B008E9 /* Build configuration list for PBXNativeTarget "MyTestProject_CookBook" */;
			buildPhases = (
				14D757F32969D93200B008E9 /* Sources */,
				14D757F42969D93200B008E9 /* Frameworks */,
				14D757F52969D93200B008E9 /* Resources */,
			);
			buildRules = (
			);
			dependencies = (
			);
			name = MyTestProject_CookBook;
			productName = MyTestProject_CookBook;
			productReference = 14D757F72969D93200B008E9 /* MyTestProject_CookBook.app */;
			productType = "com.apple.product-type.application";
		};
/* End PBXNativeTarget section */

/* Begin PBXProject section */
		14D757EF2969D93200B008E9 /* Project object */ = {
			isa = PBXProject;
			attributes = {
				BuildIndependentTargetsInParallel = 1;
				LastSwiftUpdateCheck = 1400;
				LastUpgradeCheck = 1400;
				TargetAttributes = {
					14D757F62969D93200B008E9 = {
						CreatedOnToolsVersion = 14.0.1;
					};
				};
			};
			buildConfigurationList = 14D757F22969D93200B008E9 /* Build configuration list for PBXProject "MyTestProject_CookBook" */;
			compatibilityVersion = "Xcode 14.0";
			developmentRegion = en;
			hasScannedForEncodings = 0;
			knownRegions = (
				en,
				Base,
			);
			mainGroup = 14D757EE2969D93200B008E9;
			productRefGroup = 14D757F82969D93200B008E9 /* Products */;
			projectDirPath = "";
			projectRoot = "";
			targets = (
				14D757F62969D93200B008E9 /* MyTestProject_CookBook */,
			);
		};
/* End PBXProject section */

/* Begin PBXResourcesBuildPhase section */
		14D757F52969D93200B008E9 /* Resources */ = {
			isa = PBXResourcesBuildPhase;
			buildActionMask = 2147483647;
			files = (
				14D7580A2969D93400B008E9 /* LaunchScreen.storyboard in Resources */,
				14D75834296C82AE00B008E9 /* FoodMenuVC.xib in Resources */,
				14D7582C2969E28700B008E9 /* StartVC.xib in Resources */,
				14D758072969D93400B008E9 /* Assets.xcassets in Resources */,
			);
			runOnlyForDeploymentPostprocessing = 0;
		};
/* End PBXResourcesBuildPhase section */

/* Begin PBXSourcesBuildPhase section */
		14D757F32969D93200B008E9 /* Sources */ = {
			isa = PBXSourcesBuildPhase;
			buildActionMask = 2147483647;
			files = (
				14D757FB2969D93200B008E9 /* AppDelegate.swift in Sources */,
				14D7581B2969DE9700B008E9 /* Navigator.swift in Sources */,
				14D75837296C82FC00B008E9 /* FoodMenuPresenter.swift in Sources */,
				14D758272969DFA100B008E9 /* CoreDataStore.swift in Sources */,
				14D75839296C855900B008E9 /* FlowController .swift in Sources */,
				14D7581D2969DEA200B008E9 /* Assembler.swift in Sources */,
				14D758232969DEE600B008E9 /* Networking.swift in Sources */,
				14D758052969D93200B008E9 /* MyTestProject_CookBook.xcdatamodeld in Sources */,
				14D757FD2969D93200B008E9 /* SceneDelegate.swift in Sources */,
				14D7582B2969E28700B008E9 /* StartVC.swift in Sources */,
				14D758302969E2C100B008E9 /* StartPresenter.swift in Sources */,
				14D75833296C82AE00B008E9 /* FoodMenuVC.swift in Sources */,
			);
			runOnlyForDeploymentPostprocessing = 0;
		};
/* End PBXSourcesBuildPhase section */

/* Begin PBXVariantGroup section */
		14D758082969D93400B008E9 /* LaunchScreen.storyboard */ = {
			isa = PBXVariantGroup;
			children = (
				14D758092969D93400B008E9 /* Base */,
			);
			name = LaunchScreen.storyboard;
			sourceTree = "<group>";
		};
/* End PBXVariantGroup section */

/* Begin XCBuildConfiguration section */
		14D7580C2969D93400B008E9 /* Debug */ = {
			isa = XCBuildConfiguration;
			buildSettings = {
				ALWAYS_SEARCH_USER_PATHS = NO;
				CLANG_ANALYZER_NONNULL = YES;
				CLANG_ANALYZER_NUMBER_OBJECT_CONVERSION = YES_AGGRESSIVE;
				CLANG_CXX_LANGUAGE_STANDARD = "gnu++20";
				CLANG_ENABLE_MODULES = YES;
				CLANG_ENABLE_OBJC_ARC = YES;
				CLANG_ENABLE_OBJC_WEAK = YES;
				CLANG_WARN_BLOCK_CAPTURE_AUTORELEASING = YES;
				CLANG_WARN_BOOL_CONVERSION = YES;
				CLANG_WARN_COMMA = YES;
				CLANG_WARN_CONSTANT_CONVERSION = YES;
				CLANG_WARN_DEPRECATED_OBJC_IMPLEMENTATIONS = YES;
				CLANG_WARN_DIRECT_OBJC_ISA_USAGE = YES_ERROR;
				CLANG_WARN_DOCUMENTATION_COMMENTS = YES;
				CLANG_WARN_EMPTY_BODY = YES;
				CLANG_WARN_ENUM_CONVERSION = YES;
				CLANG_WARN_INFINITE_RECURSION = YES;
				CLANG_WARN_INT_CONVERSION = YES;
				CLANG_WARN_NON_LITERAL_NULL_CONVERSION = YES;
				CLANG_WARN_OBJC_IMPLICIT_RETAIN_SELF = YES;
				CLANG_WARN_OBJC_LITERAL_CONVERSION = YES;
				CLANG_WARN_OBJC_ROOT_CLASS = YES_ERROR;
				CLANG_WARN_QUOTED_INCLUDE_IN_FRAMEWORK_HEADER = YES;
				CLANG_WARN_RANGE_LOOP_ANALYSIS = YES;
				CLANG_WARN_STRICT_PROTOTYPES = YES;
				CLANG_WARN_SUSPICIOUS_MOVE = YES;
				CLANG_WARN_UNGUARDED_AVAILABILITY = YES_AGGRESSIVE;
				CLANG_WARN_UNREACHABLE_CODE = YES;
				CLANG_WARN__DUPLICATE_METHOD_MATCH = YES;
				COPY_PHASE_STRIP = NO;
				DEBUG_INFORMATION_FORMAT = dwarf;
				ENABLE_STRICT_OBJC_MSGSEND = YES;
				ENABLE_TESTABILITY = YES;
				GCC_C_LANGUAGE_STANDARD = gnu11;
				GCC_DYNAMIC_NO_PIC = NO;
				GCC_NO_COMMON_BLOCKS = YES;
				GCC_OPTIMIZATION_LEVEL = 0;
				GCC_PREPROCESSOR_DEFINITIONS = (
					"DEBUG=1",
					"$(inherited)",
				);
				GCC_WARN_64_TO_32_BIT_CONVERSION = YES;
				GCC_WARN_ABOUT_RETURN_TYPE = YES_ERROR;
				GCC_WARN_UNDECLARED_SELECTOR = YES;
				GCC_WARN_UNINITIALIZED_AUTOS = YES_AGGRESSIVE;
				GCC_WARN_UNUSED_FUNCTION = YES;
				GCC_WARN_UNUSED_VARIABLE = YES;
				IPHONEOS_DEPLOYMENT_TARGET = 16.0;
				MTL_ENABLE_DEBUG_INFO = INCLUDE_SOURCE;
				MTL_FAST_MATH = YES;
				ONLY_ACTIVE_ARCH = YES;
				SDKROOT = iphoneos;
				SWIFT_ACTIVE_COMPILATION_CONDITIONS = DEBUG;
				SWIFT_OPTIMIZATION_LEVEL = "-Onone";
			};
			name = Debug;
		};
		14D7580D2969D93400B008E9 /* Release */ = {
			isa = XCBuildConfiguration;
			buildSettings = {
				ALWAYS_SEARCH_USER_PATHS = NO;
				CLANG_ANALYZER_NONNULL = YES;
				CLANG_ANALYZER_NUMBER_OBJECT_CONVERSION = YES_AGGRESSIVE;
				CLANG_CXX_LANGUAGE_STANDARD = "gnu++20";
				CLANG_ENABLE_MODULES = YES;
				CLANG_ENABLE_OBJC_ARC = YES;
				CLANG_ENABLE_OBJC_WEAK = YES;
				CLANG_WARN_BLOCK_CAPTURE_AUTORELEASING = YES;
				CLANG_WARN_BOOL_CONVERSION = YES;
				CLANG_WARN_COMMA = YES;
				CLANG_WARN_CONSTANT_CONVERSION = YES;
				CLANG_WARN_DEPRECATED_OBJC_IMPLEMENTATIONS = YES;
				CLANG_WARN_DIRECT_OBJC_ISA_USAGE = YES_ERROR;
				CLANG_WARN_DOCUMENTATION_COMMENTS = YES;
				CLANG_WARN_EMPTY_BODY = YES;
				CLANG_WARN_ENUM_CONVERSION = YES;
				CLANG_WARN_INFINITE_RECURSION = YES;
				CLANG_WARN_INT_CONVERSION = YES;
				CLANG_WARN_NON_LITERAL_NULL_CONVERSION = YES;
				CLANG_WARN_OBJC_IMPLICIT_RETAIN_SELF = YES;
				CLANG_WARN_OBJC_LITERAL_CONVERSION = YES;
				CLANG_WARN_OBJC_ROOT_CLASS = YES_ERROR;
				CLANG_WARN_QUOTED_INCLUDE_IN_FRAMEWORK_HEADER = YES;
				CLANG_WARN_RANGE_LOOP_ANALYSIS = YES;
				CLANG_WARN_STRICT_PROTOTYPES = YES;
				CLANG_WARN_SUSPICIOUS_MOVE = YES;
				CLANG_WARN_UNGUARDED_AVAILABILITY = YES_AGGRESSIVE;
				CLANG_WARN_UNREACHABLE_CODE = YES;
				CLANG_WARN__DUPLICATE_METHOD_MATCH = YES;
				COPY_PHASE_STRIP = NO;
				DEBUG_INFORMATION_FORMAT = "dwarf-with-dsym";
				ENABLE_NS_ASSERTIONS = NO;
				ENABLE_STRICT_OBJC_MSGSEND = YES;
				GCC_C_LANGUAGE_STANDARD = gnu11;
				GCC_NO_COMMON_BLOCKS = YES;
				GCC_WARN_64_TO_32_BIT_CONVERSION = YES;
				GCC_WARN_ABOUT_RETURN_TYPE = YES_ERROR;
				GCC_WARN_UNDECLARED_SELECTOR = YES;
				GCC_WARN_UNINITIALIZED_AUTOS = YES_AGGRESSIVE;
				GCC_WARN_UNUSED_FUNCTION = YES;
				GCC_WARN_UNUSED_VARIABLE = YES;
				IPHONEOS_DEPLOYMENT_TARGET = 16.0;
				MTL_ENABLE_DEBUG_INFO = NO;
				MTL_FAST_MATH = YES;
				SDKROOT = iphoneos;
				SWIFT_COMPILATION_MODE = wholemodule;
				SWIFT_OPTIMIZATION_LEVEL = "-O";
				VALIDATE_PRODUCT = YES;
			};
			name = Release;
		};
		14D7580F2969D93400B008E9 /* Debug */ = {
			isa = XCBuildConfiguration;
			buildSettings = {
				ASSETCATALOG_COMPILER_APPICON_NAME = AppIcon;
				ASSETCATALOG_COMPILER_GLOBAL_ACCENT_COLOR_NAME = AccentColor;
				CODE_SIGN_STYLE = Automatic;
				CURRENT_PROJECT_VERSION = 1;
				DEVELOPMENT_TEAM = 4U5S5LAP79;
				GENERATE_INFOPLIST_FILE = YES;
				INFOPLIST_FILE = MyTestProject_CookBook/SupportFiles/Info.plist;
				INFOPLIST_KEY_UIApplicationSupportsIndirectInputEvents = YES;
				INFOPLIST_KEY_UILaunchStoryboardName = LaunchScreen;
				INFOPLIST_KEY_UISupportedInterfaceOrientations_iPad = "UIInterfaceOrientationPortrait UIInterfaceOrientationPortraitUpsideDown UIInterfaceOrientationLandscapeLeft UIInterfaceOrientationLandscapeRight";
				INFOPLIST_KEY_UISupportedInterfaceOrientations_iPhone = "UIInterfaceOrientationPortrait UIInterfaceOrientationLandscapeLeft UIInterfaceOrientationLandscapeRight";
				IPHONEOS_DEPLOYMENT_TARGET = 13.0;
				LD_RUNPATH_SEARCH_PATHS = (
					"$(inherited)",
					"@executable_path/Frameworks",
				);
				MARKETING_VERSION = 1.0;
				PRODUCT_BUNDLE_IDENTIFIER = "lesson1.MyTestProject-CookBook";
				PRODUCT_NAME = "$(TARGET_NAME)";
				SWIFT_EMIT_LOC_STRINGS = YES;
				SWIFT_VERSION = 5.0;
				TARGETED_DEVICE_FAMILY = "1,2";
			};
			name = Debug;
		};
		14D758102969D93400B008E9 /* Release */ = {
			isa = XCBuildConfiguration;
			buildSettings = {
				ASSETCATALOG_COMPILER_APPICON_NAME = AppIcon;
				ASSETCATALOG_COMPILER_GLOBAL_ACCENT_COLOR_NAME = AccentColor;
				CODE_SIGN_STYLE = Automatic;
				CURRENT_PROJECT_VERSION = 1;
				DEVELOPMENT_TEAM = 4U5S5LAP79;
				GENERATE_INFOPLIST_FILE = YES;
				INFOPLIST_FILE = MyTestProject_CookBook/SupportFiles/Info.plist;
				INFOPLIST_KEY_UIApplicationSupportsIndirectInputEvents = YES;
				INFOPLIST_KEY_UILaunchStoryboardName = LaunchScreen;
				INFOPLIST_KEY_UISupportedInterfaceOrientations_iPad = "UIInterfaceOrientationPortrait UIInterfaceOrientationPortraitUpsideDown UIInterfaceOrientationLandscapeLeft UIInterfaceOrientationLandscapeRight";
				INFOPLIST_KEY_UISupportedInterfaceOrientations_iPhone = "UIInterfaceOrientationPortrait UIInterfaceOrientationLandscapeLeft UIInterfaceOrientationLandscapeRight";
				IPHONEOS_DEPLOYMENT_TARGET = 13.0;
				LD_RUNPATH_SEARCH_PATHS = (
					"$(inherited)",
					"@executable_path/Frameworks",
				);
				MARKETING_VERSION = 1.0;
				PRODUCT_BUNDLE_IDENTIFIER = "lesson1.MyTestProject-CookBook";
				PRODUCT_NAME = "$(TARGET_NAME)";
				SWIFT_EMIT_LOC_STRINGS = YES;
				SWIFT_VERSION = 5.0;
				TARGETED_DEVICE_FAMILY = "1,2";
			};
			name = Release;
		};
/* End XCBuildConfiguration section */

/* Begin XCConfigurationList section */
		14D757F22969D93200B008E9 /* Build configuration list for PBXProject "MyTestProject_CookBook" */ = {
			isa = XCConfigurationList;
			buildConfigurations = (
				14D7580C2969D93400B008E9 /* Debug */,
				14D7580D2969D93400B008E9 /* Release */,
			);
			defaultConfigurationIsVisible = 0;
			defaultConfigurationName = Release;
		};
		14D7580E2969D93400B008E9 /* Build configuration list for PBXNativeTarget "MyTestProject_CookBook" */ = {
			isa = XCConfigurationList;
			buildConfigurations = (
				14D7580F2969D93400B008E9 /* Debug */,
				14D758102969D93400B008E9 /* Release */,
			);
			defaultConfigurationIsVisible = 0;
			defaultConfigurationName = Release;
		};
/* End XCConfigurationList section */

/* Begin XCVersionGroup section */
		14D758032969D93200B008E9 /* MyTestProject_CookBook.xcdatamodeld */ = {
			isa = XCVersionGroup;
			children = (
				14D758042969D93200B008E9 /* MyTestProject_CookBook.xcdatamodel */,
			);
			currentVersion = 14D758042969D93200B008E9 /* MyTestProject_CookBook.xcdatamodel */;
			path = MyTestProject_CookBook.xcdatamodeld;
			sourceTree = "<group>";
			versionGroupType = wrapper.xcdatamodel;
		};
/* End XCVersionGroup section */
	};
	rootObject = 14D757EF2969D93200B008E9 /* Project object */;
}
